{
  "version": 4,
  "terraform_version": "1.16.0",
  "serial": 6,
  "lineage": "37a21a57-1bb8-9491-f8a6-de13864406f0",
  "outputs": {
    "pod_id": {
      "value": "mycurrency-8rosz3ac",
      "type": "string"
    },
    "rds_creds": {
      "value": {
        "password": "Pa55w0rdHashi",
        "username": "rdsboundaryadmin"
      },
      "type": [
        "object",
        {
          "password": "string",
          "username": "string"
        }
      ]
    }
  },
  "resources": [
    {
      "mode": "managed",
      "type": "random_string",
      "name": "suffix",
      "provider": "provider[\"registry.terraform.io/hashicorp/random\"]",
      "instances": [
        {
          "schema_version": 2,
          "attributes": {
            "id": "8ROSz3ac",
            "keepers": null,
            "length": 8,
            "lower": true,
            "min_lower": 0,
            "min_numeric": 0,
            "min_special": 0,
            "min_upper": 0,
            "number": true,
            "numeric": true,
            "override_special": null,
            "result": "8ROSz3ac",
            "special": false,
            "upper": true
          },
          "sensitive_attributes": [],
          "identity_schema_version": 0
        }
      ]
    }
  ],
  "check_results": null
}
